
Microsoft Visual Studio Solution File, Format Version 12.00
# Visual Studio 15
VisualStudioVersion = 15.0.27428.2037
MinimumVisualStudioVersion = 10.0.40219.1
Project("{FAE04EC0-301F-11D3-BF4B-00C04F79EFBC}") = "Intern1", "Intern1\Intern1.csproj", "{68E1E6FD-9636-46F0-84C5-679686D01B0E}"
EndProject
Global
	GlobalSection(SolutionConfigurationPlatforms) = preSolution
		Debug|Any CPU = Debug|Any CPU
		Release|Any CPU = Release|Any CPU
	EndGlobalSection
	GlobalSection(ProjectConfigurationPlatforms) = postSolution
		{68E1E6FD-9636-46F0-84C5-679686D01B0E}.Debug|Any CPU.ActiveCfg = Debug|Any CPU
		{68E1E6FD-9636-46F0-84C5-679686D01B0E}.Debug|Any CPU.Build.0 = Debug|Any CPU
		{68E1E6FD-9636-46F0-84C5-679686D01B0E}.Release|Any CPU.ActiveCfg = Release|Any CPU
		{68E1E6FD-9636-46F0-84C5-679686D01B0E}.Release|Any CPU.Build.0 = Release|Any CPU
	EndGlobalSection
	GlobalSection(SolutionProperties) = preSolution
		HideSolutionNode = FALSE
	EndGlobalSection
	GlobalSection(ExtensibilityGlobals) = postSolution
		SolutionGuid = {0094E798-E4AA-4D90-BC57-7262B32BE885}
	EndGlobalSection
EndGlobal
